
Microsoft Visual Studio Solution File, Format Version 12.00
# Visual Studio Version 17
VisualStudioVersion = 17.9.34616.47
MinimumVisualStudioVersion = 10.0.40219.1
Project("{2150E333-8FDC-42A3-9474-1A3956D46DE8}") = "Solution Items", "Solution Items", "{6E0B251B-71C1-4496-BD64-A4870DAE0EF3}"
	ProjectSection(SolutionItems) = preProject
		web.html = web.html
		webb.css = webb.css
	EndProjectSection
EndProject
Global
	GlobalSection(SolutionProperties) = preSolution
		HideSolutionNode = FALSE
	EndGlobalSection
	GlobalSection(ExtensibilityGlobals) = postSolution
		SolutionGuid = {53011682-01DA-4A8D-8154-F06AEDDA7D24}
	EndGlobalSection
EndGlobal
